// !$*UTF8*$!
{
	archiveVersion = 1;
	classes = {
	};
	objectVersion = 46;
	objects = {

/* Begin PBXBuildFile section */
		3C5AF6ED1A4D36E7008F8A3D /* widget in Resources */ = {isa = PBXBuildFile; fileRef = 3C5AF6EC1A4D36E7008F8A3D /* widget */; };
		3C81BA991A4AA29F00C4B7C1 /* Image.xcassets in Resources */ = {isa = PBXBuildFile; fileRef = 3C81BA981A4AA29F00C4B7C1 /* Image.xcassets */; };
		420041831BABCD27000A57F5 /* libstdc++.6.0.9.tbd in Frameworks */ = {isa = PBXBuildFile; fileRef = 420041821BABCD27000A57F5 /* libstdc++.6.0.9.tbd */; };
		420041851BABCD33000A57F5 /* libresolv.tbd in Frameworks */ = {isa = PBXBuildFile; fileRef = 420041841BABCD33000A57F5 /* libresolv.tbd */; };
		420041871BABCD3C000A57F5 /* libc++.tbd in Frameworks */ = {isa = PBXBuildFile; fileRef = 420041861BABCD3C000A57F5 /* libc++.tbd */; };
		420041891BABCD45000A57F5 /* libbz2.1.0.tbd in Frameworks */ = {isa = PBXBuildFile; fileRef = 420041881BABCD45000A57F5 /* libbz2.1.0.tbd */; };
		4200418B1BABCD53000A57F5 /* libiconv.tbd in Frameworks */ = {isa = PBXBuildFile; fileRef = 4200418A1BABCD53000A57F5 /* libiconv.tbd */; };
		4200418D1BABCD5C000A57F5 /* libicucore.tbd in Frameworks */ = {isa = PBXBuildFile; fileRef = 4200418C1BABCD5C000A57F5 /* libicucore.tbd */; };
		4200418F1BABCD65000A57F5 /* libsqlite3.tbd in Frameworks */ = {isa = PBXBuildFile; fileRef = 4200418E1BABCD65000A57F5 /* libsqlite3.tbd */; };
		420041911BABCD6F000A57F5 /* libstdc++.tbd in Frameworks */ = {isa = PBXBuildFile; fileRef = 420041901BABCD6F000A57F5 /* libstdc++.tbd */; };
		420041931BABCD79000A57F5 /* libxml2.tbd in Frameworks */ = {isa = PBXBuildFile; fileRef = 420041921BABCD79000A57F5 /* libxml2.tbd */; };
		420041951BABCD80000A57F5 /* libz.tbd in Frameworks */ = {isa = PBXBuildFile; fileRef = 420041941BABCD80000A57F5 /* libz.tbd */; };
		428629001C0709BF0078E783 /* pop.framework in Frameworks */ = {isa = PBXBuildFile; fileRef = 428628FF1C0709BF0078E783 /* pop.framework */; };
		42D0AF461BBB879C002249AE /* AppCanEngineLocalization.strings in Resources */ = {isa = PBXBuildFile; fileRef = 42D0AF481BBB879C002249AE /* AppCanEngineLocalization.strings */; };
		42D0AF551BBBAA0D002249AE /* libAppCanEngine.a in Frameworks */ = {isa = PBXBuildFile; fileRef = 42D0AF541BBBAA0D002249AE /* libAppCanEngine.a */; };
		42F6E8E41C5749E70073C6E0 /* JavaScriptCore.framework in Frameworks */ = {isa = PBXBuildFile; fileRef = 42F6E8E31C5749E70073C6E0 /* JavaScriptCore.framework */; };
		42FFC8021B625EC60058E363 /* PackageInfo.m in Sources */ = {isa = PBXBuildFile; fileRef = 42FFC8011B625EC60058E363 /* PackageInfo.m */; };
		42FFEF421C200F9400294DE1 /* Ono.framework in Frameworks */ = {isa = PBXBuildFile; fileRef = 42FFEF411C200F9400294DE1 /* Ono.framework */; };
		46D6D7B416F1CB3800D8E883 /* StoreKit.framework in Frameworks */ = {isa = PBXBuildFile; fileRef = 46D6D7B316F1CB3800D8E883 /* StoreKit.framework */; };
		6CC6033A157DCC0F00A3E13E /* CoreGraphics.framework in Frameworks */ = {isa = PBXBuildFile; fileRef = 6CC60339157DCC0F00A3E13E /* CoreGraphics.framework */; };
		6CC60340157DCC0F00A3E13E /* InfoPlist.strings in Resources */ = {isa = PBXBuildFile; fileRef = 6CC6033E157DCC0F00A3E13E /* InfoPlist.strings */; };
		6CC60342157DCC0F00A3E13E /* main.m in Sources */ = {isa = PBXBuildFile; fileRef = 6CC60341157DCC0F00A3E13E /* main.m */; };
		6CC6036B157DCCEF00A3E13E /* MediaPlayer.framework in Frameworks */ = {isa = PBXBuildFile; fileRef = 6CC6034D157DCCEF00A3E13E /* MediaPlayer.framework */; };
		6CC6036C157DCCEF00A3E13E /* MessageUI.framework in Frameworks */ = {isa = PBXBuildFile; fileRef = 6CC6034E157DCCEF00A3E13E /* MessageUI.framework */; };
		6CC6036D157DCCEF00A3E13E /* MapKit.framework in Frameworks */ = {isa = PBXBuildFile; fileRef = 6CC6034F157DCCEF00A3E13E /* MapKit.framework */; };
		6CC60372157DCCEF00A3E13E /* Accelerate.framework in Frameworks */ = {isa = PBXBuildFile; fileRef = 6CC60354157DCCEF00A3E13E /* Accelerate.framework */; };
		6CC60373157DCCEF00A3E13E /* AddressBook.framework in Frameworks */ = {isa = PBXBuildFile; fileRef = 6CC60355157DCCEF00A3E13E /* AddressBook.framework */; };
		6CC60374157DCCEF00A3E13E /* AddressBookUI.framework in Frameworks */ = {isa = PBXBuildFile; fileRef = 6CC60356157DCCEF00A3E13E /* AddressBookUI.framework */; };
		6CC60375157DCCEF00A3E13E /* AssetsLibrary.framework in Frameworks */ = {isa = PBXBuildFile; fileRef = 6CC60357157DCCEF00A3E13E /* AssetsLibrary.framework */; };
		6CC60376157DCCEF00A3E13E /* AudioToolbox.framework in Frameworks */ = {isa = PBXBuildFile; fileRef = 6CC60358157DCCEF00A3E13E /* AudioToolbox.framework */; };
		6CC60377157DCCEF00A3E13E /* AVFoundation.framework in Frameworks */ = {isa = PBXBuildFile; fileRef = 6CC60359157DCCEF00A3E13E /* AVFoundation.framework */; };
		6CC60378157DCCEF00A3E13E /* CFNetwork.framework in Frameworks */ = {isa = PBXBuildFile; fileRef = 6CC6035A157DCCEF00A3E13E /* CFNetwork.framework */; };
		6CC60379157DCCEF00A3E13E /* CoreAudio.framework in Frameworks */ = {isa = PBXBuildFile; fileRef = 6CC6035B157DCCEF00A3E13E /* CoreAudio.framework */; };
		6CC6037A157DCCEF00A3E13E /* CoreLocation.framework in Frameworks */ = {isa = PBXBuildFile; fileRef = 6CC6035C157DCCEF00A3E13E /* CoreLocation.framework */; };
		6CC6037B157DCCEF00A3E13E /* CoreMedia.framework in Frameworks */ = {isa = PBXBuildFile; fileRef = 6CC6035D157DCCEF00A3E13E /* CoreMedia.framework */; };
		6CC6037C157DCCEF00A3E13E /* CoreMotion.framework in Frameworks */ = {isa = PBXBuildFile; fileRef = 6CC6035E157DCCEF00A3E13E /* CoreMotion.framework */; };
		6CC6037D157DCCEF00A3E13E /* CoreTelephony.framework in Frameworks */ = {isa = PBXBuildFile; fileRef = 6CC6035F157DCCEF00A3E13E /* CoreTelephony.framework */; };
		6CC6037E157DCCEF00A3E13E /* CoreVideo.framework in Frameworks */ = {isa = PBXBuildFile; fileRef = 6CC60360157DCCEF00A3E13E /* CoreVideo.framework */; };
		6CC6037F157DCCEF00A3E13E /* MobileCoreServices.framework in Frameworks */ = {isa = PBXBuildFile; fileRef = 6CC60361157DCCEF00A3E13E /* MobileCoreServices.framework */; };
		6CC60380157DCCEF00A3E13E /* OpenAL.framework in Frameworks */ = {isa = PBXBuildFile; fileRef = 6CC60362157DCCEF00A3E13E /* OpenAL.framework */; };
		6CC60381157DCCEF00A3E13E /* OpenGLES.framework in Frameworks */ = {isa = PBXBuildFile; fileRef = 6CC60363157DCCEF00A3E13E /* OpenGLES.framework */; };
		6CC60382157DCCEF00A3E13E /* QuartzCore.framework in Frameworks */ = {isa = PBXBuildFile; fileRef = 6CC60364157DCCEF00A3E13E /* QuartzCore.framework */; };
		6CC60383157DCCEF00A3E13E /* Security.framework in Frameworks */ = {isa = PBXBuildFile; fileRef = 6CC60365157DCCEF00A3E13E /* Security.framework */; };
		6CC60384157DCCEF00A3E13E /* SystemConfiguration.framework in Frameworks */ = {isa = PBXBuildFile; fileRef = 6CC60366157DCCEF00A3E13E /* SystemConfiguration.framework */; };
		6CC60391157DCD9300A3E13E /* error in Resources */ = {isa = PBXBuildFile; fileRef = 6CC6038C157DCD9300A3E13E /* error */; };
		6CC60392157DCD9300A3E13E /* img in Resources */ = {isa = PBXBuildFile; fileRef = 6CC6038D157DCD9300A3E13E /* img */; };
		6CC60393157DCD9300A3E13E /* plugin.xml in Resources */ = {isa = PBXBuildFile; fileRef = 6CC6038E157DCD9300A3E13E /* plugin.xml */; };
		6CC60394157DCD9300A3E13E /* sound in Resources */ = {isa = PBXBuildFile; fileRef = 6CC6038F157DCD9300A3E13E /* sound */; };
		6CC603A9157DD65E00A3E13E /* WidgetOnePseudoDelegate.m in Sources */ = {isa = PBXBuildFile; fileRef = 6CC603A8157DD65E00A3E13E /* WidgetOnePseudoDelegate.m */; };
		6CC60442157DCC0F00A3E13E /* Beqtucontent.m in Sources */ = {isa = PBXBuildFile; fileRef = 6CC60441157DCC0F00A3E13E /* Beqtucontent.m */; };
		B2403BF51833923A002530F6 /* Localizable.strings in Resources */ = {isa = PBXBuildFile; fileRef = B2403BF71833923A002530F6 /* Localizable.strings */; };
		DE94A2D518F7CD91000CA6E7 /* CoreText.framework in Frameworks */ = {isa = PBXBuildFile; fileRef = DE94A2D418F7CD91000CA6E7 /* CoreText.framework */; };
		DE94A2D718F7CD9B000CA6E7 /* ImageIO.framework in Frameworks */ = {isa = PBXBuildFile; fileRef = DE94A2D618F7CD9B000CA6E7 /* ImageIO.framework */; };
		DE94A2D918F7CE12000CA6E7 /* QuickLook.framework in Frameworks */ = {isa = PBXBuildFile; fileRef = DE94A2D818F7CE12000CA6E7 /* QuickLook.framework */; };
		DE94A2DB18F7CE48000CA6E7 /* Foundation.framework in Frameworks */ = {isa = PBXBuildFile; fileRef = DE94A2DA18F7CE48000CA6E7 /* Foundation.framework */; };
		DE9F08231A5FD6460055FD61 /* CBSchemesList.plist in Resources */ = {isa = PBXBuildFile; fileRef = DE9F08221A5FD6460055FD61 /* CBSchemesList.plist */; };
		F72F4A241986243F008FB4E6 /* UIKit.framework in Frameworks */ = {isa = PBXBuildFile; fileRef = 6CC60367157DCCEF00A3E13E /* UIKit.framework */; };
/* End PBXBuildFile section */

/* Begin PBXCopyFilesBuildPhase section */
		3356F9571A4851FA00F58330 /* Embed Frameworks */ = {
			isa = PBXCopyFilesBuildPhase;
			buildActionMask = 2147483647;
			dstPath = "";
			dstSubfolderSpec = 10;
			files = (
			);
			name = "Embed Frameworks";
			runOnlyForDeploymentPostprocessing = 0;
		};
/* End PBXCopyFilesBuildPhase section */

/* Begin PBXFileReference section */
		3C5AF6EC1A4D36E7008F8A3D /* widget */ = {isa = PBXFileReference; lastKnownFileType = folder; path = widget; sourceTree = "<group>"; };
		3C81BA981A4AA29F00C4B7C1 /* Image.xcassets */ = {isa = PBXFileReference; lastKnownFileType = folder.assetcatalog; path = Image.xcassets; sourceTree = "<group>"; };
		420041821BABCD27000A57F5 /* libstdc++.6.0.9.tbd */ = {isa = PBXFileReference; lastKnownFileType = "sourcecode.text-based-dylib-definition"; name = "libstdc++.6.0.9.tbd"; path = "usr/lib/libstdc++.6.0.9.tbd"; sourceTree = SDKROOT; };
		420041841BABCD33000A57F5 /* libresolv.tbd */ = {isa = PBXFileReference; lastKnownFileType = "sourcecode.text-based-dylib-definition"; name = libresolv.tbd; path = usr/lib/libresolv.tbd; sourceTree = SDKROOT; };
		420041861BABCD3C000A57F5 /* libc++.tbd */ = {isa = PBXFileReference; lastKnownFileType = "sourcecode.text-based-dylib-definition"; name = "libc++.tbd"; path = "usr/lib/libc++.tbd"; sourceTree = SDKROOT; };
		420041881BABCD45000A57F5 /* libbz2.1.0.tbd */ = {isa = PBXFileReference; lastKnownFileType = "sourcecode.text-based-dylib-definition"; name = libbz2.1.0.tbd; path = usr/lib/libbz2.1.0.tbd; sourceTree = SDKROOT; };
		4200418A1BABCD53000A57F5 /* libiconv.tbd */ = {isa = PBXFileReference; lastKnownFileType = "sourcecode.text-based-dylib-definition"; name = libiconv.tbd; path = usr/lib/libiconv.tbd; sourceTree = SDKROOT; };
		4200418C1BABCD5C000A57F5 /* libicucore.tbd */ = {isa = PBXFileReference; lastKnownFileType = "sourcecode.text-based-dylib-definition"; name = libicucore.tbd; path = usr/lib/libicucore.tbd; sourceTree = SDKROOT; };
		4200418E1BABCD65000A57F5 /* libsqlite3.tbd */ = {isa = PBXFileReference; lastKnownFileType = "sourcecode.text-based-dylib-definition"; name = libsqlite3.tbd; path = usr/lib/libsqlite3.tbd; sourceTree = SDKROOT; };
		420041901BABCD6F000A57F5 /* libstdc++.tbd */ = {isa = PBXFileReference; lastKnownFileType = "sourcecode.text-based-dylib-definition"; name = "libstdc++.tbd"; path = "usr/lib/libstdc++.tbd"; sourceTree = SDKROOT; };
		420041921BABCD79000A57F5 /* libxml2.tbd */ = {isa = PBXFileReference; lastKnownFileType = "sourcecode.text-based-dylib-definition"; name = libxml2.tbd; path = usr/lib/libxml2.tbd; sourceTree = SDKROOT; };
		420041941BABCD80000A57F5 /* libz.tbd */ = {isa = PBXFileReference; lastKnownFileType = "sourcecode.text-based-dylib-definition"; name = libz.tbd; path = usr/lib/libz.tbd; sourceTree = SDKROOT; };
		428628FF1C0709BF0078E783 /* pop.framework */ = {isa = PBXFileReference; lastKnownFileType = wrapper.framework; path = pop.framework; sourceTree = "<group>"; };
		42D0AF471BBB879C002249AE /* en */ = {isa = PBXFileReference; lastKnownFileType = text.plist.strings; name = en; path = en.lproj/AppCanEngineLocalization.strings; sourceTree = "<group>"; };
		42D0AF491BBB879D002249AE /* zh-Hans */ = {isa = PBXFileReference; lastKnownFileType = text.plist.strings; name = "zh-Hans"; path = "zh-Hans.lproj/AppCanEngineLocalization.strings"; sourceTree = "<group>"; };
		42D0AF541BBBAA0D002249AE /* libAppCanEngine.a */ = {isa = PBXFileReference; lastKnownFileType = archive.ar; path = libAppCanEngine.a; sourceTree = "<group>"; };
		42F6E8E31C5749E70073C6E0 /* JavaScriptCore.framework */ = {isa = PBXFileReference; lastKnownFileType = wrapper.framework; name = JavaScriptCore.framework; path = System/Library/Frameworks/JavaScriptCore.framework; sourceTree = SDKROOT; };
		42FFC8001B625EC60058E363 /* PackageInfo.h */ = {isa = PBXFileReference; fileEncoding = 4; lastKnownFileType = sourcecode.c.h; path = PackageInfo.h; sourceTree = "<group>"; };
		42FFC8011B625EC60058E363 /* PackageInfo.m */ = {isa = PBXFileReference; fileEncoding = 4; lastKnownFileType = sourcecode.c.objc; path = PackageInfo.m; sourceTree = "<group>"; };
		42FFEF411C200F9400294DE1 /* Ono.framework */ = {isa = PBXFileReference; lastKnownFileType = wrapper.framework; path = Ono.framework; sourceTree = "<group>"; };
		46D6D7B316F1CB3800D8E883 /* StoreKit.framework */ = {isa = PBXFileReference; lastKnownFileType = wrapper.framework; name = StoreKit.framework; path = System/Library/Frameworks/StoreKit.framework; sourceTree = SDKROOT; };
		6C9017BD159992B90034AA19 /* CDataScanner.h */ = {isa = PBXFileReference; fileEncoding = 4; lastKnownFileType = sourcecode.c.h; path = CDataScanner.h; sourceTree = "<group>"; };
		6C9017BF159992B90034AA19 /* CDataScanner_Extensions.h */ = {isa = PBXFileReference; fileEncoding = 4; lastKnownFileType = sourcecode.c.h; path = CDataScanner_Extensions.h; sourceTree = "<group>"; };
		6C9017C0159992B90034AA19 /* NSCharacterSet_Extensions.h */ = {isa = PBXFileReference; fileEncoding = 4; lastKnownFileType = sourcecode.c.h; path = NSCharacterSet_Extensions.h; sourceTree = "<group>"; };
		6C9017C1159992B90034AA19 /* NSDictionary_JSONExtensions.h */ = {isa = PBXFileReference; fileEncoding = 4; lastKnownFileType = sourcecode.c.h; path = NSDictionary_JSONExtensions.h; sourceTree = "<group>"; };
		6C9017C2159992B90034AA19 /* NSScanner_Extensions.h */ = {isa = PBXFileReference; fileEncoding = 4; lastKnownFileType = sourcecode.c.h; path = NSScanner_Extensions.h; sourceTree = "<group>"; };
		6C9017C4159992B90034AA19 /* CJSONDataSerializer.h */ = {isa = PBXFileReference; fileEncoding = 4; lastKnownFileType = sourcecode.c.h; path = CJSONDataSerializer.h; sourceTree = "<group>"; };
		6C9017C5159992B90034AA19 /* CJSONDeserializer.h */ = {isa = PBXFileReference; fileEncoding = 4; lastKnownFileType = sourcecode.c.h; path = CJSONDeserializer.h; sourceTree = "<group>"; };
		6C9017C6159992B90034AA19 /* CJSONScanner.h */ = {isa = PBXFileReference; fileEncoding = 4; lastKnownFileType = sourcecode.c.h; path = CJSONScanner.h; sourceTree = "<group>"; };
		6C9017C7159992B90034AA19 /* CJSONSerializer.h */ = {isa = PBXFileReference; fileEncoding = 4; lastKnownFileType = sourcecode.c.h; path = CJSONSerializer.h; sourceTree = "<group>"; };
		6C9017C8159992B90034AA19 /* CSerializedJSONData.h */ = {isa = PBXFileReference; fileEncoding = 4; lastKnownFileType = sourcecode.c.h; path = CSerializedJSONData.h; sourceTree = "<group>"; };
		6CC60331157DCC0F00A3E13E /* AppCanPlugin.app */ = {isa = PBXFileReference; explicitFileType = wrapper.application; includeInIndex = 0; path = AppCanPlugin.app; sourceTree = BUILT_PRODUCTS_DIR; };
		6CC60339157DCC0F00A3E13E /* CoreGraphics.framework */ = {isa = PBXFileReference; lastKnownFileType = wrapper.framework; name = CoreGraphics.framework; path = System/Library/Frameworks/CoreGraphics.framework; sourceTree = SDKROOT; };
		6CC6033D157DCC0F00A3E13E /* AppCanPlugin-Info.plist */ = {isa = PBXFileReference; lastKnownFileType = text.plist.xml; path = "AppCanPlugin-Info.plist"; sourceTree = "<group>"; };
		6CC6033F157DCC0F00A3E13E /* en */ = {isa = PBXFileReference; lastKnownFileType = text.plist.strings; name = en; path = en.lproj/InfoPlist.strings; sourceTree = "<group>"; };
		6CC60341157DCC0F00A3E13E /* main.m */ = {isa = PBXFileReference; lastKnownFileType = sourcecode.c.objc; path = main.m; sourceTree = "<group>"; };
		6CC60343157DCC0F00A3E13E /* AppCanPlugin-Prefix.pch */ = {isa = PBXFileReference; lastKnownFileType = sourcecode.c.h; path = "AppCanPlugin-Prefix.pch"; sourceTree = "<group>"; };
		6CC6034D157DCCEF00A3E13E /* MediaPlayer.framework */ = {isa = PBXFileReference; lastKnownFileType = wrapper.framework; name = MediaPlayer.framework; path = System/Library/Frameworks/MediaPlayer.framework; sourceTree = SDKROOT; };
		6CC6034E157DCCEF00A3E13E /* MessageUI.framework */ = {isa = PBXFileReference; lastKnownFileType = wrapper.framework; name = MessageUI.framework; path = System/Library/Frameworks/MessageUI.framework; sourceTree = SDKROOT; };
		6CC6034F157DCCEF00A3E13E /* MapKit.framework */ = {isa = PBXFileReference; lastKnownFileType = wrapper.framework; name = MapKit.framework; path = System/Library/Frameworks/MapKit.framework; sourceTree = SDKROOT; };
		6CC60354157DCCEF00A3E13E /* Accelerate.framework */ = {isa = PBXFileReference; lastKnownFileType = wrapper.framework; name = Accelerate.framework; path = System/Library/Frameworks/Accelerate.framework; sourceTree = SDKROOT; };
		6CC60355157DCCEF00A3E13E /* AddressBook.framework */ = {isa = PBXFileReference; lastKnownFileType = wrapper.framework; name = AddressBook.framework; path = System/Library/Frameworks/AddressBook.framework; sourceTree = SDKROOT; };
		6CC60356157DCCEF00A3E13E /* AddressBookUI.framework */ = {isa = PBXFileReference; lastKnownFileType = wrapper.framework; name = AddressBookUI.framework; path = System/Library/Frameworks/AddressBookUI.framework; sourceTree = SDKROOT; };
		6CC60357157DCCEF00A3E13E /* AssetsLibrary.framework */ = {isa = PBXFileReference; lastKnownFileType = wrapper.framework; name = AssetsLibrary.framework; path = System/Library/Frameworks/AssetsLibrary.framework; sourceTree = SDKROOT; };
		6CC60358157DCCEF00A3E13E /* AudioToolbox.framework */ = {isa = PBXFileReference; lastKnownFileType = wrapper.framework; name = AudioToolbox.framework; path = System/Library/Frameworks/AudioToolbox.framework; sourceTree = SDKROOT; };
		6CC60359157DCCEF00A3E13E /* AVFoundation.framework */ = {isa = PBXFileReference; lastKnownFileType = wrapper.framework; name = AVFoundation.framework; path = System/Library/Frameworks/AVFoundation.framework; sourceTree = SDKROOT; };
		6CC6035A157DCCEF00A3E13E /* CFNetwork.framework */ = {isa = PBXFileReference; lastKnownFileType = wrapper.framework; name = CFNetwork.framework; path = System/Library/Frameworks/CFNetwork.framework; sourceTree = SDKROOT; };
		6CC6035B157DCCEF00A3E13E /* CoreAudio.framework */ = {isa = PBXFileReference; lastKnownFileType = wrapper.framework; name = CoreAudio.framework; path = System/Library/Frameworks/CoreAudio.framework; sourceTree = SDKROOT; };
		6CC6035C157DCCEF00A3E13E /* CoreLocation.framework */ = {isa = PBXFileReference; lastKnownFileType = wrapper.framework; name = CoreLocation.framework; path = System/Library/Frameworks/CoreLocation.framework; sourceTree = SDKROOT; };
		6CC6035D157DCCEF00A3E13E /* CoreMedia.framework */ = {isa = PBXFileReference; lastKnownFileType = wrapper.framework; name = CoreMedia.framework; path = System/Library/Frameworks/CoreMedia.framework; sourceTree = SDKROOT; };
		6CC6035E157DCCEF00A3E13E /* CoreMotion.framework */ = {isa = PBXFileReference; lastKnownFileType = wrapper.framework; name = CoreMotion.framework; path = System/Library/Frameworks/CoreMotion.framework; sourceTree = SDKROOT; };
		6CC6035F157DCCEF00A3E13E /* CoreTelephony.framework */ = {isa = PBXFileReference; lastKnownFileType = wrapper.framework; name = CoreTelephony.framework; path = System/Library/Frameworks/CoreTelephony.framework; sourceTree = SDKROOT; };
		6CC60360157DCCEF00A3E13E /* CoreVideo.framework */ = {isa = PBXFileReference; lastKnownFileType = wrapper.framework; name = CoreVideo.framework; path = System/Library/Frameworks/CoreVideo.framework; sourceTree = SDKROOT; };
		6CC60361157DCCEF00A3E13E /* MobileCoreServices.framework */ = {isa = PBXFileReference; lastKnownFileType = wrapper.framework; name = MobileCoreServices.framework; path = System/Library/Frameworks/MobileCoreServices.framework; sourceTree = SDKROOT; };
		6CC60362157DCCEF00A3E13E /* OpenAL.framework */ = {isa = PBXFileReference; lastKnownFileType = wrapper.framework; name = OpenAL.framework; path = System/Library/Frameworks/OpenAL.framework; sourceTree = SDKROOT; };
		6CC60363157DCCEF00A3E13E /* OpenGLES.framework */ = {isa = PBXFileReference; lastKnownFileType = wrapper.framework; name = OpenGLES.framework; path = System/Library/Frameworks/OpenGLES.framework; sourceTree = SDKROOT; };
		6CC60364157DCCEF00A3E13E /* QuartzCore.framework */ = {isa = PBXFileReference; lastKnownFileType = wrapper.framework; name = QuartzCore.framework; path = System/Library/Frameworks/QuartzCore.framework; sourceTree = SDKROOT; };
		6CC60365157DCCEF00A3E13E /* Security.framework */ = {isa = PBXFileReference; lastKnownFileType = wrapper.framework; name = Security.framework; path = System/Library/Frameworks/Security.framework; sourceTree = SDKROOT; };
		6CC60366157DCCEF00A3E13E /* SystemConfiguration.framework */ = {isa = PBXFileReference; lastKnownFileType = wrapper.framework; name = SystemConfiguration.framework; path = System/Library/Frameworks/SystemConfiguration.framework; sourceTree = SDKROOT; };
		6CC60367157DCCEF00A3E13E /* UIKit.framework */ = {isa = PBXFileReference; lastKnownFileType = wrapper.framework; name = UIKit.framework; path = System/Library/Frameworks/UIKit.framework; sourceTree = SDKROOT; };
		6CC60369157DCCEF00A3E13E /* CoreGraphics.framework */ = {isa = PBXFileReference; lastKnownFileType = wrapper.framework; name = CoreGraphics.framework; path = System/Library/Frameworks/CoreGraphics.framework; sourceTree = SDKROOT; };
		6CC6038C157DCD9300A3E13E /* error */ = {isa = PBXFileReference; lastKnownFileType = folder; path = error; sourceTree = "<group>"; };
		6CC6038D157DCD9300A3E13E /* img */ = {isa = PBXFileReference; lastKnownFileType = folder; path = img; sourceTree = "<group>"; };
		6CC6038E157DCD9300A3E13E /* plugin.xml */ = {isa = PBXFileReference; fileEncoding = 4; lastKnownFileType = text.xml; path = plugin.xml; sourceTree = "<group>"; };
		6CC6038F157DCD9300A3E13E /* sound */ = {isa = PBXFileReference; lastKnownFileType = folder; path = sound; sourceTree = "<group>"; };
		6CC603A2157DD4D800A3E13E /* JSON.h */ = {isa = PBXFileReference; fileEncoding = 4; lastKnownFileType = sourcecode.c.h; path = JSON.h; sourceTree = "<group>"; };
		6CC603A7157DD65E00A3E13E /* WidgetOnePseudoDelegate.h */ = {isa = PBXFileReference; fileEncoding = 4; lastKnownFileType = sourcecode.c.h; path = WidgetOnePseudoDelegate.h; sourceTree = "<group>"; };
		6CC603A8157DD65E00A3E13E /* WidgetOnePseudoDelegate.m */ = {isa = PBXFileReference; fileEncoding = 4; lastKnownFileType = sourcecode.c.objc; path = WidgetOnePseudoDelegate.m; sourceTree = "<group>"; };
		6CC60441157DCC0F00A3E13E /* Beqtucontent.m */ = {isa = PBXFileReference; lastKnownFileType = sourcecode.c.objc; path = Beqtucontent.m; sourceTree = "<group>"; };
		6CC604A7157DD65E00A3E13E /* Beqtucontent.h */ = {isa = PBXFileReference; fileEncoding = 4; lastKnownFileType = sourcecode.c.h; path = Beqtucontent.h; sourceTree = "<group>"; };
		6CD1DC32159ADD8A003C3083 /* EUExBase.h */ = {isa = PBXFileReference; fileEncoding = 4; lastKnownFileType = sourcecode.c.h; path = EUExBase.h; sourceTree = "<group>"; };
		6CD1DC33159ADD8A003C3083 /* EUExBaseDefine.h */ = {isa = PBXFileReference; fileEncoding = 4; lastKnownFileType = sourcecode.c.h; path = EUExBaseDefine.h; sourceTree = "<group>"; };
		6CD1DC34159ADD8A003C3083 /* EUtility.h */ = {isa = PBXFileReference; fileEncoding = 4; lastKnownFileType = sourcecode.c.h; path = EUtility.h; sourceTree = "<group>"; };
		6CD1DC36159ADD8A003C3083 /* WidgetOneDelegate.h */ = {isa = PBXFileReference; fileEncoding = 4; lastKnownFileType = sourcecode.c.h; path = WidgetOneDelegate.h; sourceTree = "<group>"; };
		B2403BF61833923A002530F6 /* zh-Hans */ = {isa = PBXFileReference; lastKnownFileType = text.plist.strings; name = "zh-Hans"; path = "zh-Hans.lproj/Localizable.strings"; sourceTree = "<group>"; };
		B2403BF818339267002530F6 /* en */ = {isa = PBXFileReference; lastKnownFileType = text.plist.strings; name = en; path = en.lproj/Localizable.strings; sourceTree = "<group>"; };
		B2D89A9718338CF600C6F041 /* zh-Hans */ = {isa = PBXFileReference; lastKnownFileType = text.plist.strings; name = "zh-Hans"; path = "zh-Hans.lproj/InfoPlist.strings"; sourceTree = "<group>"; };
		DE94A2D418F7CD91000CA6E7 /* CoreText.framework */ = {isa = PBXFileReference; lastKnownFileType = wrapper.framework; name = CoreText.framework; path = System/Library/Frameworks/CoreText.framework; sourceTree = SDKROOT; };
		DE94A2D618F7CD9B000CA6E7 /* ImageIO.framework */ = {isa = PBXFileReference; lastKnownFileType = wrapper.framework; name = ImageIO.framework; path = System/Library/Frameworks/ImageIO.framework; sourceTree = SDKROOT; };
		DE94A2D818F7CE12000CA6E7 /* QuickLook.framework */ = {isa = PBXFileReference; lastKnownFileType = wrapper.framework; name = QuickLook.framework; path = System/Library/Frameworks/QuickLook.framework; sourceTree = SDKROOT; };
		DE94A2DA18F7CE48000CA6E7 /* Foundation.framework */ = {isa = PBXFileReference; lastKnownFileType = wrapper.framework; name = Foundation.framework; path = System/Library/Frameworks/Foundation.framework; sourceTree = SDKROOT; };
		DE9F08221A5FD6460055FD61 /* CBSchemesList.plist */ = {isa = PBXFileReference; fileEncoding = 4; lastKnownFileType = text.plist.xml; path = CBSchemesList.plist; sourceTree = "<group>"; };
/* End PBXFileReference section */

/* Begin PBXFrameworksBuildPhase section */
		6CC6032E157DCC0F00A3E13E /* Frameworks */ = {
			isa = PBXFrameworksBuildPhase;
			buildActionMask = 2147483647;
			files = (
				42F6E8E41C5749E70073C6E0 /* JavaScriptCore.framework in Frameworks */,
				420041951BABCD80000A57F5 /* libz.tbd in Frameworks */,
				420041931BABCD79000A57F5 /* libxml2.tbd in Frameworks */,
				420041911BABCD6F000A57F5 /* libstdc++.tbd in Frameworks */,
				4200418F1BABCD65000A57F5 /* libsqlite3.tbd in Frameworks */,
				4200418D1BABCD5C000A57F5 /* libicucore.tbd in Frameworks */,
				4200418B1BABCD53000A57F5 /* libiconv.tbd in Frameworks */,
				420041891BABCD45000A57F5 /* libbz2.1.0.tbd in Frameworks */,
				420041871BABCD3C000A57F5 /* libc++.tbd in Frameworks */,
				420041851BABCD33000A57F5 /* libresolv.tbd in Frameworks */,
				420041831BABCD27000A57F5 /* libstdc++.6.0.9.tbd in Frameworks */,
				F72F4A241986243F008FB4E6 /* UIKit.framework in Frameworks */,
				DE94A2DB18F7CE48000CA6E7 /* Foundation.framework in Frameworks */,
				DE94A2D918F7CE12000CA6E7 /* QuickLook.framework in Frameworks */,
				DE94A2D718F7CD9B000CA6E7 /* ImageIO.framework in Frameworks */,
				DE94A2D518F7CD91000CA6E7 /* CoreText.framework in Frameworks */,
				DE94A2DB18F7CE48000CA6E7 /* Foundation.framework in Frameworks */,
				DE94A2D918F7CE12000CA6E7 /* QuickLook.framework in Frameworks */,
				DE94A2D718F7CD9B000CA6E7 /* ImageIO.framework in Frameworks */,
				DE94A2D518F7CD91000CA6E7 /* CoreText.framework in Frameworks */,
				46D6D7B416F1CB3800D8E883 /* StoreKit.framework in Frameworks */,
				6CC6033A157DCC0F00A3E13E /* CoreGraphics.framework in Frameworks */,
				6CC6036B157DCCEF00A3E13E /* MediaPlayer.framework in Frameworks */,
				428629001C0709BF0078E783 /* pop.framework in Frameworks */,
				6CC6036C157DCCEF00A3E13E /* MessageUI.framework in Frameworks */,
				6CC6036D157DCCEF00A3E13E /* MapKit.framework in Frameworks */,
				42D0AF551BBBAA0D002249AE /* libAppCanEngine.a in Frameworks */,
				6CC60372157DCCEF00A3E13E /* Accelerate.framework in Frameworks */,
				6CC60373157DCCEF00A3E13E /* AddressBook.framework in Frameworks */,
				6CC60374157DCCEF00A3E13E /* AddressBookUI.framework in Frameworks */,
				6CC60375157DCCEF00A3E13E /* AssetsLibrary.framework in Frameworks */,
				6CC60376157DCCEF00A3E13E /* AudioToolbox.framework in Frameworks */,
				6CC60377157DCCEF00A3E13E /* AVFoundation.framework in Frameworks */,
				6CC60378157DCCEF00A3E13E /* CFNetwork.framework in Frameworks */,
				6CC60379157DCCEF00A3E13E /* CoreAudio.framework in Frameworks */,
				6CC6037A157DCCEF00A3E13E /* CoreLocation.framework in Frameworks */,
				6CC6037B157DCCEF00A3E13E /* CoreMedia.framework in Frameworks */,
				6CC6037C157DCCEF00A3E13E /* CoreMotion.framework in Frameworks */,
				6CC6037D157DCCEF00A3E13E /* CoreTelephony.framework in Frameworks */,
				6CC6037E157DCCEF00A3E13E /* CoreVideo.framework in Frameworks */,
				6CC6037F157DCCEF00A3E13E /* MobileCoreServices.framework in Frameworks */,
				6CC60380157DCCEF00A3E13E /* OpenAL.framework in Frameworks */,
				6CC60381157DCCEF00A3E13E /* OpenGLES.framework in Frameworks */,
				6CC60382157DCCEF00A3E13E /* QuartzCore.framework in Frameworks */,
				6CC60383157DCCEF00A3E13E /* Security.framework in Frameworks */,
				6CC60384157DCCEF00A3E13E /* SystemConfiguration.framework in Frameworks */,
				42FFEF421C200F9400294DE1 /* Ono.framework in Frameworks */,
			);
			runOnlyForDeploymentPostprocessing = 0;
		};
/* End PBXFrameworksBuildPhase section */

/* Begin PBXGroup section */
		469DCDD0166EFA5100FC2F72 /* uexFrameworks */ = {
			isa = PBXGroup;
			children = (
				42FFEF411C200F9400294DE1 /* Ono.framework */,
				428628FF1C0709BF0078E783 /* pop.framework */,
			);
			path = uexFrameworks;
			sourceTree = "<group>";
		};
		6C9017BC159992B90034AA19 /* TouchJSON */ = {
			isa = PBXGroup;
			children = (
				6C9017BD159992B90034AA19 /* CDataScanner.h */,
				6C9017BE159992B90034AA19 /* Extensions */,
				6C9017C3159992B90034AA19 /* JSON */,
			);
			name = TouchJSON;
			path = ../../../../ACCode/Classes/commonCode/header/TouchJSON;
			sourceTree = "<group>";
		};
		6C9017BE159992B90034AA19 /* Extensions */ = {
			isa = PBXGroup;
			children = (
				6C9017BF159992B90034AA19 /* CDataScanner_Extensions.h */,
				6C9017C0159992B90034AA19 /* NSCharacterSet_Extensions.h */,
				6C9017C1159992B90034AA19 /* NSDictionary_JSONExtensions.h */,
				6C9017C2159992B90034AA19 /* NSScanner_Extensions.h */,
			);
			path = Extensions;
			sourceTree = "<group>";
		};
		6C9017C3159992B90034AA19 /* JSON */ = {
			isa = PBXGroup;
			children = (
				6C9017C4159992B90034AA19 /* CJSONDataSerializer.h */,
				6C9017C5159992B90034AA19 /* CJSONDeserializer.h */,
				6C9017C6159992B90034AA19 /* CJSONScanner.h */,
				6C9017C7159992B90034AA19 /* CJSONSerializer.h */,
				6C9017C8159992B90034AA19 /* CSerializedJSONData.h */,
			);
			path = JSON;
			sourceTree = "<group>";
		};
		6CC60326157DCC0F00A3E13E = {
			isa = PBXGroup;
			children = (
				B2403BF71833923A002530F6 /* Localizable.strings */,
				6CC6033B157DCC0F00A3E13E /* AppCanPlugin */,
				6CC60334157DCC0F00A3E13E /* Frameworks */,
				6CC60332157DCC0F00A3E13E /* Products */,
			);
			sourceTree = "<group>";
		};
		6CC60332157DCC0F00A3E13E /* Products */ = {
			isa = PBXGroup;
			children = (
				6CC60331157DCC0F00A3E13E /* AppCanPlugin.app */,
			);
			name = Products;
			sourceTree = "<group>";
		};
		6CC60334157DCC0F00A3E13E /* Frameworks */ = {
			isa = PBXGroup;
			children = (
				42F6E8E31C5749E70073C6E0 /* JavaScriptCore.framework */,
				420041941BABCD80000A57F5 /* libz.tbd */,
				420041921BABCD79000A57F5 /* libxml2.tbd */,
				420041901BABCD6F000A57F5 /* libstdc++.tbd */,
				4200418E1BABCD65000A57F5 /* libsqlite3.tbd */,
				4200418C1BABCD5C000A57F5 /* libicucore.tbd */,
				4200418A1BABCD53000A57F5 /* libiconv.tbd */,
				420041881BABCD45000A57F5 /* libbz2.1.0.tbd */,
				420041861BABCD3C000A57F5 /* libc++.tbd */,
				420041841BABCD33000A57F5 /* libresolv.tbd */,
				420041821BABCD27000A57F5 /* libstdc++.6.0.9.tbd */,
				6CC60354157DCCEF00A3E13E /* Accelerate.framework */,
				6CC60355157DCCEF00A3E13E /* AddressBook.framework */,
				6CC60356157DCCEF00A3E13E /* AddressBookUI.framework */,
				6CC60357157DCCEF00A3E13E /* AssetsLibrary.framework */,
				6CC60358157DCCEF00A3E13E /* AudioToolbox.framework */,
				6CC60359157DCCEF00A3E13E /* AVFoundation.framework */,
				6CC6035A157DCCEF00A3E13E /* CFNetwork.framework */,
				6CC6035B157DCCEF00A3E13E /* CoreAudio.framework */,
				6CC60369157DCCEF00A3E13E /* CoreGraphics.framework */,
				6CC6035C157DCCEF00A3E13E /* CoreLocation.framework */,
				6CC6035D157DCCEF00A3E13E /* CoreMedia.framework */,
				6CC6035E157DCCEF00A3E13E /* CoreMotion.framework */,
				6CC6035F157DCCEF00A3E13E /* CoreTelephony.framework */,
				DE94A2D418F7CD91000CA6E7 /* CoreText.framework */,
				6CC60360157DCCEF00A3E13E /* CoreVideo.framework */,
				DE94A2DA18F7CE48000CA6E7 /* Foundation.framework */,
				DE94A2D618F7CD9B000CA6E7 /* ImageIO.framework */,
				6CC6034F157DCCEF00A3E13E /* MapKit.framework */,
				6CC6034D157DCCEF00A3E13E /* MediaPlayer.framework */,
				6CC6034E157DCCEF00A3E13E /* MessageUI.framework */,
				6CC60361157DCCEF00A3E13E /* MobileCoreServices.framework */,
				6CC60362157DCCEF00A3E13E /* OpenAL.framework */,
				6CC60363157DCCEF00A3E13E /* OpenGLES.framework */,
				6CC60364157DCCEF00A3E13E /* QuartzCore.framework */,
				DE94A2D818F7CE12000CA6E7 /* QuickLook.framework */,
				6CC60365157DCCEF00A3E13E /* Security.framework */,
				46D6D7B316F1CB3800D8E883 /* StoreKit.framework */,
				6CC60366157DCCEF00A3E13E /* SystemConfiguration.framework */,
				6CC60367157DCCEF00A3E13E /* UIKit.framework */,
				6CC60339157DCC0F00A3E13E /* CoreGraphics.framework */,
			);
			name = Frameworks;
			sourceTree = "<group>";
		};
		6CC6033B157DCC0F00A3E13E /* AppCanPlugin */ = {
			isa = PBXGroup;
			children = (
				3C81BA981A4AA29F00C4B7C1 /* Image.xcassets */,
				469DCDD0166EFA5100FC2F72 /* uexFrameworks */,
				6CC603A7157DD65E00A3E13E /* WidgetOnePseudoDelegate.h */,
				6CC603A8157DD65E00A3E13E /* WidgetOnePseudoDelegate.m */,
				6CC60388157DCD0B00A3E13E /* engine */,
				6CC60389157DCD0B00A3E13E /* engineHeader */,
				6CC6038A157DCD0B00A3E13E /* uexBundle */,
				6CC6038B157DCD0B00A3E13E /* uexLib */,
				6CC6033C157DCC0F00A3E13E /* Supporting Files */,
			);
			path = AppCanPlugin;
			sourceTree = "<group>";
		};
		6CC6033C157DCC0F00A3E13E /* Supporting Files */ = {
			isa = PBXGroup;
			children = (
				DE9F08221A5FD6460055FD61 /* CBSchemesList.plist */,
				3C5AF6EC1A4D36E7008F8A3D /* widget */,
				6CC6038C157DCD9300A3E13E /* error */,
				6CC6038D157DCD9300A3E13E /* img */,
				6CC6038E157DCD9300A3E13E /* plugin.xml */,
				6CC6038F157DCD9300A3E13E /* sound */,
				6CC6033D157DCC0F00A3E13E /* AppCanPlugin-Info.plist */,
				6CC6033E157DCC0F00A3E13E /* InfoPlist.strings */,
				6CC60341157DCC0F00A3E13E /* main.m */,
				42FFC8001B625EC60058E363 /* PackageInfo.h */,
				42FFC8011B625EC60058E363 /* PackageInfo.m */,
				6CC604A7157DD65E00A3E13E /* Beqtucontent.h */,
				6CC60441157DCC0F00A3E13E /* Beqtucontent.m */,
				6CC60343157DCC0F00A3E13E /* AppCanPlugin-Prefix.pch */,
				42D0AF481BBB879C002249AE /* AppCanEngineLocalization.strings */,
			);
			name = "Supporting Files";
			sourceTree = "<group>";
		};
		6CC60388157DCD0B00A3E13E /* engine */ = {
			isa = PBXGroup;
			children = (
				42D0AF541BBBAA0D002249AE /* libAppCanEngine.a */,
				6CD1DC32159ADD8A003C3083 /* EUExBase.h */,
				6CD1DC33159ADD8A003C3083 /* EUExBaseDefine.h */,
				6CD1DC34159ADD8A003C3083 /* EUtility.h */,
				6CD1DC36159ADD8A003C3083 /* WidgetOneDelegate.h */,
			);
			path = engine;
			sourceTree = "<group>";
		};
		6CC60389157DCD0B00A3E13E /* engineHeader */ = {
			isa = PBXGroup;
			children = (
				6C9017BC159992B90034AA19 /* TouchJSON */,
				6CC603A2157DD4D800A3E13E /* JSON.h */,
			);
			path = engineHeader;
			sourceTree = "<group>";
		};
		6CC6038A157DCD0B00A3E13E /* uexBundle */ = {
			isa = PBXGroup;
			children = (
			);
			path = uexBundle;
			sourceTree = "<group>";
		};
		6CC6038B157DCD0B00A3E13E /* uexLib */ = {
			isa = PBXGroup;
			children = (
			);
			path = uexLib;
			sourceTree = "<group>";
		};
/* End PBXGroup section */

/* Begin PBXNativeTarget section */
		6CC60330157DCC0F00A3E13E /* AppCanPlugin */ = {
			isa = PBXNativeTarget;
			buildConfigurationList = 6CC60349157DCC0F00A3E13E /* Build configuration list for PBXNativeTarget "AppCanPlugin" */;
			buildPhases = (
				6CC6032D157DCC0F00A3E13E /* Sources */,
				6CC6032F157DCC0F00A3E13E /* Resources */,
				3356F9571A4851FA00F58330 /* Embed Frameworks */,
				6CC6032E157DCC0F00A3E13E /* Frameworks */,
			);
			buildRules = (
			);
			dependencies = (
			);
			name = AppCanPlugin;
			productName = AppCanPlugin;
			productReference = 6CC60331157DCC0F00A3E13E /* AppCanPlugin.app */;
			productType = "com.apple.product-type.application";
		};
/* End PBXNativeTarget section */

/* Begin PBXProject section */
		6CC60328157DCC0F00A3E13E /* Project object */ = {
			isa = PBXProject;
			attributes = {
				LastUpgradeCheck = 0430;
				ORGANIZATIONNAME = zywx;
			};
			buildConfigurationList = 6CC6032B157DCC0F00A3E13E /* Build configuration list for PBXProject "AppCanPlugin" */;
			compatibilityVersion = "Xcode 3.2";
			developmentRegion = English;
			hasScannedForEncodings = 0;
			knownRegions = (
				en,
				"zh-Hans",
			);
			mainGroup = 6CC60326157DCC0F00A3E13E;
			productRefGroup = 6CC60332157DCC0F00A3E13E /* Products */;
			projectDirPath = "";
			projectRoot = "";
			targets = (
				6CC60330157DCC0F00A3E13E /* AppCanPlugin */,
			);
		};
/* End PBXProject section */

/* Begin PBXResourcesBuildPhase section */
		6CC6032F157DCC0F00A3E13E /* Resources */ = {
			isa = PBXResourcesBuildPhase;
			buildActionMask = 2147483647;
			files = (
				6CC60340157DCC0F00A3E13E /* InfoPlist.strings in Resources */,
				6CC60391157DCD9300A3E13E /* error in Resources */,
				DE9F08231A5FD6460055FD61 /* CBSchemesList.plist in Resources */,
				3C5AF6ED1A4D36E7008F8A3D /* widget in Resources */,
				6CC60392157DCD9300A3E13E /* img in Resources */,
				6CC60393157DCD9300A3E13E /* plugin.xml in Resources */,
				6CC60394157DCD9300A3E13E /* sound in Resources */,
				3C81BA991A4AA29F00C4B7C1 /* Image.xcassets in Resources */,
				42D0AF461BBB879C002249AE /* AppCanEngineLocalization.strings in Resources */,
				B2403BF51833923A002530F6 /* Localizable.strings in Resources */,
			);
			runOnlyForDeploymentPostprocessing = 0;
		};
/* End PBXResourcesBuildPhase section */

/* Begin PBXSourcesBuildPhase section */
		6CC6032D157DCC0F00A3E13E /* Sources */ = {
			isa = PBXSourcesBuildPhase;
			buildActionMask = 2147483647;
			files = (
				42FFC8021B625EC60058E363 /* PackageInfo.m in Sources */,
				6CC60342157DCC0F00A3E13E /* main.m in Sources */,
				6CC60442157DCC0F00A3E13E /* Beqtucontent.m in Sources */,
				6CC603A9157DD65E00A3E13E /* WidgetOnePseudoDelegate.m in Sources */,
			);
			runOnlyForDeploymentPostprocessing = 0;
		};
/* End PBXSourcesBuildPhase section */

/* Begin PBXVariantGroup section */
		42D0AF481BBB879C002249AE /* AppCanEngineLocalization.strings */ = {
			isa = PBXVariantGroup;
			children = (
				42D0AF471BBB879C002249AE /* en */,
				42D0AF491BBB879D002249AE /* zh-Hans */,
			);
			name = AppCanEngineLocalization.strings;
			sourceTree = "<group>";
		};
		6CC6033E157DCC0F00A3E13E /* InfoPlist.strings */ = {
			isa = PBXVariantGroup;
			children = (
				6CC6033F157DCC0F00A3E13E /* en */,
				B2D89A9718338CF600C6F041 /* zh-Hans */,
			);
			name = InfoPlist.strings;
			sourceTree = "<group>";
		};
		B2403BF71833923A002530F6 /* Localizable.strings */ = {
			isa = PBXVariantGroup;
			children = (
				B2403BF61833923A002530F6 /* zh-Hans */,
				B2403BF818339267002530F6 /* en */,
			);
			name = Localizable.strings;
			sourceTree = "<group>";
		};
/* End PBXVariantGroup section */

/* Begin XCBuildConfiguration section */
		6CC60347157DCC0F00A3E13E /* Debug */ = {
			isa = XCBuildConfiguration;
			buildSettings = {
				ALWAYS_SEARCH_USER_PATHS = NO;
				ARCHS = "$(ARCHS_STANDARD)";
				"CODE_SIGN_IDENTITY[sdk=iphoneos*]" = "iPhone Developer";
				COPY_PHASE_STRIP = NO;
				GCC_C_LANGUAGE_STANDARD = gnu99;
				GCC_DYNAMIC_NO_PIC = NO;
				GCC_OPTIMIZATION_LEVEL = 0;
				GCC_PREPROCESSOR_DEFINITIONS = (
					"DEBUG=1",
					"$(inherited)",
				);
				GCC_SYMBOLS_PRIVATE_EXTERN = NO;
				GCC_VERSION = com.apple.compilers.llvm.clang.1_0;
				GCC_WARN_ABOUT_RETURN_TYPE = YES;
				GCC_WARN_UNINITIALIZED_AUTOS = YES;
				GCC_WARN_UNUSED_VARIABLE = YES;
				IPHONEOS_DEPLOYMENT_TARGET = 7.0;
				SDKROOT = iphoneos;
				TARGETED_DEVICE_FAMILY = "1,2";
				VALID_ARCHS = "armv7 arm64";
			};
			name = Debug;
		};
		6CC60348157DCC0F00A3E13E /* Release */ = {
			isa = XCBuildConfiguration;
			buildSettings = {
				ALWAYS_SEARCH_USER_PATHS = NO;
				ARCHS = "$(ARCHS_STANDARD)";
				"CODE_SIGN_IDENTITY[sdk=iphoneos*]" = "iPhone Developer";
				COPY_PHASE_STRIP = YES;
				GCC_C_LANGUAGE_STANDARD = gnu99;
				GCC_VERSION = com.apple.compilers.llvm.clang.1_0;
				GCC_WARN_ABOUT_RETURN_TYPE = YES;
				GCC_WARN_UNINITIALIZED_AUTOS = YES;
				GCC_WARN_UNUSED_VARIABLE = YES;
				IPHONEOS_DEPLOYMENT_TARGET = 7.0;
				OTHER_CFLAGS = "-DNS_BLOCK_ASSERTIONS=1";
				SDKROOT = iphoneos;
				TARGETED_DEVICE_FAMILY = "1,2";
				VALIDATE_PRODUCT = YES;
				VALID_ARCHS = "armv7 arm64";
			};
			name = Release;
		};
		6CC6034A157DCC0F00A3E13E /* Debug */ = {
			isa = XCBuildConfiguration;
			buildSettings = {
				ARCHS = "$(ARCHS_STANDARD)";
				ASSETCATALOG_COMPILER_APPICON_NAME = AppIcon;
				ASSETCATALOG_COMPILER_LAUNCHIMAGE_NAME = LaunchImage;
				CODE_SIGN_IDENTITY = "";
				"CODE_SIGN_IDENTITY[sdk=iphoneos*]" = "iPhone Developer";
				DEBUG_INFORMATION_FORMAT = dwarf;
				ENABLE_BITCODE = NO;
				FRAMEWORK_SEARCH_PATHS = (
					"$(inherited)",
					"\"$(SRCROOT)/AppCanPlugin/uexFrameworks\"",
					"$(PROJECT_DIR)/AppCanPlugin/engine",
					"$(PROJECT_DIR)/AppCanPlugin/uexFrameworks",
				);
				GCC_PRECOMPILE_PREFIX_HEADER = YES;
				GCC_PREFIX_HEADER = "AppCanPlugin/AppCanPlugin-Prefix.pch";
				GCC_THUMB_SUPPORT = NO;
				INFOPLIST_FILE = "AppCanPlugin/AppCanPlugin-Info.plist";
				IPHONEOS_DEPLOYMENT_TARGET = 7.0;
				LD_RUNPATH_SEARCH_PATHS = "$(inherited) @executable_path/Frameworks";
				LIBRARY_SEARCH_PATHS = (
					"\"$(SRCROOT)/AppCanPlugin/engine\"",
					"\"$(SRCROOT)/AppCanPlugin/uexLib\"",
					"$(PROJECT_DIR)/AppCanPlugin/engine",
				);
				ONLY_ACTIVE_ARCH = NO;
				OTHER_LDFLAGS = "-ObjC";
				PRODUCT_NAME = "$(TARGET_NAME)";
				PROVISIONING_PROFILE = "";
				TARGETED_DEVICE_FAMILY = "1,2";
				WRAPPER_EXTENSION = app;
			};
			name = Debug;
		};
		6CC6034B157DCC0F00A3E13E /* Release */ = {
			isa = XCBuildConfiguration;
			buildSettings = {
				ARCHS = "$(ARCHS_STANDARD)";
				ASSETCATALOG_COMPILER_APPICON_NAME = AppIcon;
				ASSETCATALOG_COMPILER_LAUNCHIMAGE_NAME = LaunchImage;
				CODE_SIGN_IDENTITY = "";
				"CODE_SIGN_IDENTITY[sdk=iphoneos*]" = "iPhone Developer";
				DEBUG_INFORMATION_FORMAT = dwarf;
				ENABLE_BITCODE = NO;
				FRAMEWORK_SEARCH_PATHS = (
					"$(inherited)",
					"\"$(SRCROOT)/AppCanPlugin/uexFrameworks\"",
					"$(PROJECT_DIR)/AppCanPlugin/engine",
					"$(PROJECT_DIR)/AppCanPlugin/uexFrameworks",
				);
				GCC_PRECOMPILE_PREFIX_HEADER = YES;
				GCC_PREFIX_HEADER = "AppCanPlugin/AppCanPlugin-Prefix.pch";
				GCC_THUMB_SUPPORT = NO;
				INFOPLIST_FILE = "AppCanPlugin/AppCanPlugin-Info.plist";
				IPHONEOS_DEPLOYMENT_TARGET = 7.0;
				LD_RUNPATH_SEARCH_PATHS = "$(inherited) @executable_path/Frameworks";
				LIBRARY_SEARCH_PATHS = (
					"\"$(SRCROOT)/AppCanPlugin/engine\"",
					"\"$(SRCROOT)/AppCanPlugin/uexLib\"",
					"$(PROJECT_DIR)/AppCanPlugin/engine",
				);
				ONLY_ACTIVE_ARCH = NO;
				OTHER_LDFLAGS = "-ObjC";
				PRODUCT_NAME = "$(TARGET_NAME)";
				PROVISIONING_PROFILE = "";
				TARGETED_DEVICE_FAMILY = "1,2";
				WRAPPER_EXTENSION = app;
			};
			name = Release;
		};
		7EDE104415D118BA00C21FC7 /* Distribution */ = {
			isa = XCBuildConfiguration;
			buildSettings = {
				ALWAYS_SEARCH_USER_PATHS = NO;
				ARCHS = "$(ARCHS_STANDARD)";
				"CODE_SIGN_IDENTITY[sdk=iphoneos*]" = "iPhone Distribution";
				COPY_PHASE_STRIP = YES;
				GCC_C_LANGUAGE_STANDARD = gnu99;
				GCC_VERSION = com.apple.compilers.llvm.clang.1_0;
				GCC_WARN_ABOUT_RETURN_TYPE = YES;
				GCC_WARN_UNINITIALIZED_AUTOS = YES;
				GCC_WARN_UNUSED_VARIABLE = YES;
				IPHONEOS_DEPLOYMENT_TARGET = 7.0;
				OTHER_CFLAGS = "-DNS_BLOCK_ASSERTIONS=1";
				"PROVISIONING_PROFILE[sdk=iphoneos*]" = "";
				SDKROOT = iphoneos;
				TARGETED_DEVICE_FAMILY = "1,2";
				VALIDATE_PRODUCT = YES;
				VALID_ARCHS = "armv7 arm64";
			};
			name = Distribution;
		};
		7EDE104515D118BA00C21FC7 /* Distribution */ = {
			isa = XCBuildConfiguration;
			buildSettings = {
				ARCHS = "$(ARCHS_STANDARD)";
				ASSETCATALOG_COMPILER_APPICON_NAME = AppIcon;
				ASSETCATALOG_COMPILER_LAUNCHIMAGE_NAME = LaunchImage;
				CODE_SIGN_IDENTITY = "";
				"CODE_SIGN_IDENTITY[sdk=iphoneos*]" = "iPhone Distribution";
				DEBUG_INFORMATION_FORMAT = dwarf;
				ENABLE_BITCODE = NO;
				FRAMEWORK_SEARCH_PATHS = (
					"$(inherited)",
					"\"$(SRCROOT)/AppCanPlugin/uexFrameworks\"",
					"$(PROJECT_DIR)/AppCanPlugin/engine",
					"$(PROJECT_DIR)/AppCanPlugin/uexFrameworks",
				);
				GCC_PRECOMPILE_PREFIX_HEADER = YES;
				GCC_PREFIX_HEADER = "AppCanPlugin/AppCanPlugin-Prefix.pch";
				GCC_THUMB_SUPPORT = NO;
				INFOPLIST_FILE = "AppCanPlugin/AppCanPlugin-Info.plist";
				IPHONEOS_DEPLOYMENT_TARGET = 7.0;
				LD_RUNPATH_SEARCH_PATHS = "$(inherited) @executable_path/Frameworks";
				LIBRARY_SEARCH_PATHS = (
					"\"$(SRCROOT)/AppCanPlugin/engine\"",
					"\"$(SRCROOT)/AppCanPlugin/uexLib\"",
					"$(PROJECT_DIR)/AppCanPlugin/engine",
				);
				ONLY_ACTIVE_ARCH = NO;
				OTHER_LDFLAGS = "-ObjC";
				PRODUCT_NAME = "$(TARGET_NAME)";
				PROVISIONING_PROFILE = "";
				TARGETED_DEVICE_FAMILY = "1,2";
				WRAPPER_EXTENSION = app;
			};
			name = Distribution;
		};
/* End XCBuildConfiguration section */

/* Begin XCConfigurationList section */
		6CC6032B157DCC0F00A3E13E /* Build configuration list for PBXProject "AppCanPlugin" */ = {
			isa = XCConfigurationList;
			buildConfigurations = (
				6CC60347157DCC0F00A3E13E /* Debug */,
				6CC60348157DCC0F00A3E13E /* Release */,
				7EDE104415D118BA00C21FC7 /* Distribution */,
			);
			defaultConfigurationIsVisible = 0;
			defaultConfigurationName = Release;
		};
		6CC60349157DCC0F00A3E13E /* Build configuration list for PBXNativeTarget "AppCanPlugin" */ = {
			isa = XCConfigurationList;
			buildConfigurations = (
				6CC6034A157DCC0F00A3E13E /* Debug */,
				6CC6034B157DCC0F00A3E13E /* Release */,
				7EDE104515D118BA00C21FC7 /* Distribution */,
			);
			defaultConfigurationIsVisible = 0;
			defaultConfigurationName = Release;
		};
/* End XCConfigurationList section */
	};
	rootObject = 6CC60328157DCC0F00A3E13E /* Project object */;
}
